
Microsoft Visual Studio Solution File, Format Version 12.00
# Visual Studio 15
VisualStudioVersion = 15.0.27703.2042
MinimumVisualStudioVersion = 10.0.40219.1
Project("{2150E333-8FDC-42A3-9474-1A3956D46DE8}") = "Task2", "Task2", "{4FEA94D4-E088-4A0B-83C8-7CECB7FA8CF5}"
EndProject
Project("{FAE04EC0-301F-11D3-BF4B-00C04F79EFBC}") = "InterpolationToConcatinationLibrary", "InterpolationToConcatinationLibrary\InterpolationToConcatinationLibrary.csproj", "{7A6B5024-4857-4BD0-AE4D-0A0E0022A9CA}"
EndProject
Project("{FAE04EC0-301F-11D3-BF4B-00C04F79EFBC}") = "UserConsoleUI", "UserConsoleUI\UserConsoleUI.csproj", "{9D0FA399-50A2-437B-BC69-85E346904479}"
EndProject
Project("{2150E333-8FDC-42A3-9474-1A3956D46DE8}") = "Task3", "Task3", "{332DEE53-81BF-49D4-BA6E-C9BFD33524A8}"
EndProject
Project("{FAE04EC0-301F-11D3-BF4B-00C04F79EFBC}") = "UserConsole", "UserConsole\UserConsole.csproj", "{CC797568-F73D-4049-88AA-BFB2116E041F}"
EndProject
Project("{FAE04EC0-301F-11D3-BF4B-00C04F79EFBC}") = "CustomMapperLibrary", "CustomMapperLibrary\CustomMapperLibrary.csproj", "{944347ED-8ED5-45F0-9F49-4ACAB74BF9B2}"
EndProject
Global
	GlobalSection(SolutionConfigurationPlatforms) = preSolution
		Debug|Any CPU = Debug|Any CPU
		Release|Any CPU = Release|Any CPU
	EndGlobalSection
	GlobalSection(ProjectConfigurationPlatforms) = postSolution
		{7A6B5024-4857-4BD0-AE4D-0A0E0022A9CA}.Debug|Any CPU.ActiveCfg = Debug|Any CPU
		{7A6B5024-4857-4BD0-AE4D-0A0E0022A9CA}.Debug|Any CPU.Build.0 = Debug|Any CPU
		{7A6B5024-4857-4BD0-AE4D-0A0E0022A9CA}.Release|Any CPU.ActiveCfg = Release|Any CPU
		{7A6B5024-4857-4BD0-AE4D-0A0E0022A9CA}.Release|Any CPU.Build.0 = Release|Any CPU
		{9D0FA399-50A2-437B-BC69-85E346904479}.Debug|Any CPU.ActiveCfg = Debug|Any CPU
		{9D0FA399-50A2-437B-BC69-85E346904479}.Debug|Any CPU.Build.0 = Debug|Any CPU
		{9D0FA399-50A2-437B-BC69-85E346904479}.Release|Any CPU.ActiveCfg = Release|Any CPU
		{9D0FA399-50A2-437B-BC69-85E346904479}.Release|Any CPU.Build.0 = Release|Any CPU
		{CC797568-F73D-4049-88AA-BFB2116E041F}.Debug|Any CPU.ActiveCfg = Debug|Any CPU
		{CC797568-F73D-4049-88AA-BFB2116E041F}.Debug|Any CPU.Build.0 = Debug|Any CPU
		{CC797568-F73D-4049-88AA-BFB2116E041F}.Release|Any CPU.ActiveCfg = Release|Any CPU
		{CC797568-F73D-4049-88AA-BFB2116E041F}.Release|Any CPU.Build.0 = Release|Any CPU
		{944347ED-8ED5-45F0-9F49-4ACAB74BF9B2}.Debug|Any CPU.ActiveCfg = Debug|Any CPU
		{944347ED-8ED5-45F0-9F49-4ACAB74BF9B2}.Debug|Any CPU.Build.0 = Debug|Any CPU
		{944347ED-8ED5-45F0-9F49-4ACAB74BF9B2}.Release|Any CPU.ActiveCfg = Release|Any CPU
		{944347ED-8ED5-45F0-9F49-4ACAB74BF9B2}.Release|Any CPU.Build.0 = Release|Any CPU
	EndGlobalSection
	GlobalSection(SolutionProperties) = preSolution
		HideSolutionNode = FALSE
	EndGlobalSection
	GlobalSection(NestedProjects) = preSolution
		{7A6B5024-4857-4BD0-AE4D-0A0E0022A9CA} = {4FEA94D4-E088-4A0B-83C8-7CECB7FA8CF5}
		{9D0FA399-50A2-437B-BC69-85E346904479} = {4FEA94D4-E088-4A0B-83C8-7CECB7FA8CF5}
		{CC797568-F73D-4049-88AA-BFB2116E041F} = {332DEE53-81BF-49D4-BA6E-C9BFD33524A8}
		{944347ED-8ED5-45F0-9F49-4ACAB74BF9B2} = {332DEE53-81BF-49D4-BA6E-C9BFD33524A8}
	EndGlobalSection
	GlobalSection(ExtensibilityGlobals) = postSolution
		SolutionGuid = {D5F9410F-96BD-453A-9D89-AF93170252F5}
	EndGlobalSection
EndGlobal
