
Microsoft Visual Studio Solution File, Format Version 12.00
# Visual Studio 15
VisualStudioVersion = 15.0.27703.2042
MinimumVisualStudioVersion = 10.0.40219.1
Project("{2150E333-8FDC-42A3-9474-1A3956D46DE8}") = "SmallTasks", "SmallTasks", "{3C6B0719-CAE9-4422-A893-68C5C14E5CCB}"
EndProject
Project("{FAE04EC0-301F-11D3-BF4B-00C04F79EFBC}") = "UserConsole", "UserConsole\UserConsole.csproj", "{5D47CD90-28DC-46F5-A587-271A851642B5}"
EndProject
Project("{FAE04EC0-301F-11D3-BF4B-00C04F79EFBC}") = "ThreadTasks", "ThreadTasks\ThreadTasks.csproj", "{1508FCD6-F9BB-4E6F-859E-F097FE379B96}"
EndProject
Global
	GlobalSection(SolutionConfigurationPlatforms) = preSolution
		Debug|Any CPU = Debug|Any CPU
		Debug|ARM = Debug|ARM
		Debug|x64 = Debug|x64
		Debug|x86 = Debug|x86
		Release|Any CPU = Release|Any CPU
		Release|ARM = Release|ARM
		Release|x64 = Release|x64
		Release|x86 = Release|x86
	EndGlobalSection
	GlobalSection(ProjectConfigurationPlatforms) = postSolution
		{5D47CD90-28DC-46F5-A587-271A851642B5}.Debug|Any CPU.ActiveCfg = Debug|Any CPU
		{5D47CD90-28DC-46F5-A587-271A851642B5}.Debug|Any CPU.Build.0 = Debug|Any CPU
		{5D47CD90-28DC-46F5-A587-271A851642B5}.Debug|ARM.ActiveCfg = Debug|Any CPU
		{5D47CD90-28DC-46F5-A587-271A851642B5}.Debug|ARM.Build.0 = Debug|Any CPU
		{5D47CD90-28DC-46F5-A587-271A851642B5}.Debug|x64.ActiveCfg = Debug|Any CPU
		{5D47CD90-28DC-46F5-A587-271A851642B5}.Debug|x64.Build.0 = Debug|Any CPU
		{5D47CD90-28DC-46F5-A587-271A851642B5}.Debug|x86.ActiveCfg = Debug|Any CPU
		{5D47CD90-28DC-46F5-A587-271A851642B5}.Debug|x86.Build.0 = Debug|Any CPU
		{5D47CD90-28DC-46F5-A587-271A851642B5}.Release|Any CPU.ActiveCfg = Release|Any CPU
		{5D47CD90-28DC-46F5-A587-271A851642B5}.Release|Any CPU.Build.0 = Release|Any CPU
		{5D47CD90-28DC-46F5-A587-271A851642B5}.Release|ARM.ActiveCfg = Release|Any CPU
		{5D47CD90-28DC-46F5-A587-271A851642B5}.Release|ARM.Build.0 = Release|Any CPU
		{5D47CD90-28DC-46F5-A587-271A851642B5}.Release|x64.ActiveCfg = Release|Any CPU
		{5D47CD90-28DC-46F5-A587-271A851642B5}.Release|x64.Build.0 = Release|Any CPU
		{5D47CD90-28DC-46F5-A587-271A851642B5}.Release|x86.ActiveCfg = Release|Any CPU
		{5D47CD90-28DC-46F5-A587-271A851642B5}.Release|x86.Build.0 = Release|Any CPU
		{1508FCD6-F9BB-4E6F-859E-F097FE379B96}.Debug|Any CPU.ActiveCfg = Debug|Any CPU
		{1508FCD6-F9BB-4E6F-859E-F097FE379B96}.Debug|Any CPU.Build.0 = Debug|Any CPU
		{1508FCD6-F9BB-4E6F-859E-F097FE379B96}.Debug|ARM.ActiveCfg = Debug|Any CPU
		{1508FCD6-F9BB-4E6F-859E-F097FE379B96}.Debug|ARM.Build.0 = Debug|Any CPU
		{1508FCD6-F9BB-4E6F-859E-F097FE379B96}.Debug|x64.ActiveCfg = Debug|Any CPU
		{1508FCD6-F9BB-4E6F-859E-F097FE379B96}.Debug|x64.Build.0 = Debug|Any CPU
		{1508FCD6-F9BB-4E6F-859E-F097FE379B96}.Debug|x86.ActiveCfg = Debug|Any CPU
		{1508FCD6-F9BB-4E6F-859E-F097FE379B96}.Debug|x86.Build.0 = Debug|Any CPU
		{1508FCD6-F9BB-4E6F-859E-F097FE379B96}.Release|Any CPU.ActiveCfg = Release|Any CPU
		{1508FCD6-F9BB-4E6F-859E-F097FE379B96}.Release|Any CPU.Build.0 = Release|Any CPU
		{1508FCD6-F9BB-4E6F-859E-F097FE379B96}.Release|ARM.ActiveCfg = Release|Any CPU
		{1508FCD6-F9BB-4E6F-859E-F097FE379B96}.Release|ARM.Build.0 = Release|Any CPU
		{1508FCD6-F9BB-4E6F-859E-F097FE379B96}.Release|x64.ActiveCfg = Release|Any CPU
		{1508FCD6-F9BB-4E6F-859E-F097FE379B96}.Release|x64.Build.0 = Release|Any CPU
		{1508FCD6-F9BB-4E6F-859E-F097FE379B96}.Release|x86.ActiveCfg = Release|Any CPU
		{1508FCD6-F9BB-4E6F-859E-F097FE379B96}.Release|x86.Build.0 = Release|Any CPU
	EndGlobalSection
	GlobalSection(SolutionProperties) = preSolution
		HideSolutionNode = FALSE
	EndGlobalSection
	GlobalSection(NestedProjects) = preSolution
		{5D47CD90-28DC-46F5-A587-271A851642B5} = {3C6B0719-CAE9-4422-A893-68C5C14E5CCB}
		{1508FCD6-F9BB-4E6F-859E-F097FE379B96} = {3C6B0719-CAE9-4422-A893-68C5C14E5CCB}
	EndGlobalSection
	GlobalSection(ExtensibilityGlobals) = postSolution
		SolutionGuid = {8C50D821-490D-4053-B5F5-411DAB92165B}
	EndGlobalSection
EndGlobal
