
Microsoft Visual Studio Solution File, Format Version 12.00
# Visual Studio 15
VisualStudioVersion = 15.0.28307.489
MinimumVisualStudioVersion = 10.0.40219.1
Project("{FAE04EC0-301F-11D3-BF4B-00C04F79EFBC}") = "CrackLib", "CrackLib\CrackLib.csproj", "{2493C372-7DB3-41D2-833A-3DEB76390085}"
EndProject
Global
	GlobalSection(SolutionConfigurationPlatforms) = preSolution
		Debug|Any CPU = Debug|Any CPU
		Release|Any CPU = Release|Any CPU
	EndGlobalSection
	GlobalSection(ProjectConfigurationPlatforms) = postSolution
		{2493C372-7DB3-41D2-833A-3DEB76390085}.Debug|Any CPU.ActiveCfg = Debug|Any CPU
		{2493C372-7DB3-41D2-833A-3DEB76390085}.Debug|Any CPU.Build.0 = Debug|Any CPU
		{2493C372-7DB3-41D2-833A-3DEB76390085}.Release|Any CPU.ActiveCfg = Release|Any CPU
		{2493C372-7DB3-41D2-833A-3DEB76390085}.Release|Any CPU.Build.0 = Release|Any CPU
	EndGlobalSection
	GlobalSection(SolutionProperties) = preSolution
		HideSolutionNode = FALSE
	EndGlobalSection
	GlobalSection(ExtensibilityGlobals) = postSolution
		SolutionGuid = {5352D5D7-8A6A-4584-9144-C52CCE63C80F}
	EndGlobalSection
EndGlobal
