
Microsoft Visual Studio Solution File, Format Version 12.00
# Visual Studio 15
VisualStudioVersion = 15.0.27703.2042
MinimumVisualStudioVersion = 10.0.40219.1
Project("{2150E333-8FDC-42A3-9474-1A3956D46DE8}") = "Task1", "Task1", "{51EA47E3-7E89-4D55-8EDD-E01907C24572}"
EndProject
Project("{FAE04EC0-301F-11D3-BF4B-00C04F79EFBC}") = "LINQ2JSLibrary", "LINQ2JSLibrary\LINQ2JSLibrary.csproj", "{35C3EBF9-CDCE-4D6D-BC87-8F23D987750B}"
EndProject
Project("{FAE04EC0-301F-11D3-BF4B-00C04F79EFBC}") = "WebService", "WebService\WebService.csproj", "{1BF11552-E5BB-4300-847C-F20F16457CF7}"
EndProject
Global
	GlobalSection(SolutionConfigurationPlatforms) = preSolution
		Debug|Any CPU = Debug|Any CPU
		Release|Any CPU = Release|Any CPU
	EndGlobalSection
	GlobalSection(ProjectConfigurationPlatforms) = postSolution
		{35C3EBF9-CDCE-4D6D-BC87-8F23D987750B}.Debug|Any CPU.ActiveCfg = Debug|Any CPU
		{35C3EBF9-CDCE-4D6D-BC87-8F23D987750B}.Debug|Any CPU.Build.0 = Debug|Any CPU
		{35C3EBF9-CDCE-4D6D-BC87-8F23D987750B}.Release|Any CPU.ActiveCfg = Release|Any CPU
		{35C3EBF9-CDCE-4D6D-BC87-8F23D987750B}.Release|Any CPU.Build.0 = Release|Any CPU
		{1BF11552-E5BB-4300-847C-F20F16457CF7}.Debug|Any CPU.ActiveCfg = Debug|Any CPU
		{1BF11552-E5BB-4300-847C-F20F16457CF7}.Debug|Any CPU.Build.0 = Debug|Any CPU
		{1BF11552-E5BB-4300-847C-F20F16457CF7}.Release|Any CPU.ActiveCfg = Release|Any CPU
		{1BF11552-E5BB-4300-847C-F20F16457CF7}.Release|Any CPU.Build.0 = Release|Any CPU
	EndGlobalSection
	GlobalSection(SolutionProperties) = preSolution
		HideSolutionNode = FALSE
	EndGlobalSection
	GlobalSection(NestedProjects) = preSolution
		{35C3EBF9-CDCE-4D6D-BC87-8F23D987750B} = {51EA47E3-7E89-4D55-8EDD-E01907C24572}
		{1BF11552-E5BB-4300-847C-F20F16457CF7} = {51EA47E3-7E89-4D55-8EDD-E01907C24572}
	EndGlobalSection
	GlobalSection(ExtensibilityGlobals) = postSolution
		SolutionGuid = {D5F9410F-96BD-453A-9D89-AF93170252F5}
	EndGlobalSection
EndGlobal
